
Microsoft Visual Studio Solution File, Format Version 12.00
# Visual Studio Version 17
VisualStudioVersion = 17.4.33205.214
MinimumVisualStudioVersion = 10.0.40219.1
Project("{8BC9CEB8-8B4A-11D0-8D11-00A0C91BC942}") = "Game_project", "Game_project\Game_project.vcxproj", "{7207BC80-D6EB-4769-BC2A-C211D6ECD3C2}"
EndProject
Global
	GlobalSection(SolutionConfigurationPlatforms) = preSolution
		Debug|x64 = Debug|x64
		Release|x64 = Release|x64
	EndGlobalSection
	GlobalSection(ProjectConfigurationPlatforms) = postSolution
		{7207BC80-D6EB-4769-BC2A-C211D6ECD3C2}.Debug|x64.ActiveCfg = Debug|x64
		{7207BC80-D6EB-4769-BC2A-C211D6ECD3C2}.Debug|x64.Build.0 = Debug|x64
		{7207BC80-D6EB-4769-BC2A-C211D6ECD3C2}.Release|x64.ActiveCfg = Release|x64
		{7207BC80-D6EB-4769-BC2A-C211D6ECD3C2}.Release|x64.Build.0 = Release|x64
	EndGlobalSection
	GlobalSection(SolutionProperties) = preSolution
		HideSolutionNode = FALSE
	EndGlobalSection
	GlobalSection(ExtensibilityGlobals) = postSolution
		SolutionGuid = {8BBCE42E-52F1-42A0-9580-FBBD20FC7831}
	EndGlobalSection
EndGlobal
